
Microsoft Visual Studio Solution File, Format Version 12.00
# Visual Studio Version 16
VisualStudioVersion = 16.0.29209.62
MinimumVisualStudioVersion = 10.0.40219.1
Project("{FAE04EC0-301F-11D3-BF4B-00C04F79EFBC}") = "WebApp", "WebApp\WebApp.csproj", "{A2504537-981F-4ABB-B28A-7652BAB45C1F}"
EndProject
Project("{FAE04EC0-301F-11D3-BF4B-00C04F79EFBC}") = "DemoSystem", "DemoSystem\DemoSystem.csproj", "{7291BC24-D0C8-45DB-8D26-76281D066F6E}"
EndProject
Global
	GlobalSection(SolutionConfigurationPlatforms) = preSolution
		Debug|Any CPU = Debug|Any CPU
		Release|Any CPU = Release|Any CPU
	EndGlobalSection
	GlobalSection(ProjectConfigurationPlatforms) = postSolution
		{A2504537-981F-4ABB-B28A-7652BAB45C1F}.Debug|Any CPU.ActiveCfg = Debug|Any CPU
		{A2504537-981F-4ABB-B28A-7652BAB45C1F}.Debug|Any CPU.Build.0 = Debug|Any CPU
		{A2504537-981F-4ABB-B28A-7652BAB45C1F}.Release|Any CPU.ActiveCfg = Release|Any CPU
		{A2504537-981F-4ABB-B28A-7652BAB45C1F}.Release|Any CPU.Build.0 = Release|Any CPU
		{7291BC24-D0C8-45DB-8D26-76281D066F6E}.Debug|Any CPU.ActiveCfg = Debug|Any CPU
		{7291BC24-D0C8-45DB-8D26-76281D066F6E}.Debug|Any CPU.Build.0 = Debug|Any CPU
		{7291BC24-D0C8-45DB-8D26-76281D066F6E}.Release|Any CPU.ActiveCfg = Release|Any CPU
		{7291BC24-D0C8-45DB-8D26-76281D066F6E}.Release|Any CPU.Build.0 = Release|Any CPU
	EndGlobalSection
	GlobalSection(SolutionProperties) = preSolution
		HideSolutionNode = FALSE
	EndGlobalSection
	GlobalSection(ExtensibilityGlobals) = postSolution
		SolutionGuid = {24AFE0B6-A377-4F19-B254-74E4ABE5FFE1}
	EndGlobalSection
EndGlobal
